// !$*UTF8*$!
{
	archiveVersion = 1;
	classes = {
	};
	objectVersion = 50;
	objects = {

/* Begin PBXBuildFile section */
		FF0743912412BB7600FD3A3D /* AppDelegate.swift in Sources */ = {isa = PBXBuildFile; fileRef = FF0743902412BB7600FD3A3D /* AppDelegate.swift */; };
		FF0743932412BB7600FD3A3D /* SceneDelegate.swift in Sources */ = {isa = PBXBuildFile; fileRef = FF0743922412BB7600FD3A3D /* SceneDelegate.swift */; };
		FF0743952412BB7600FD3A3D /* FirstViewController.swift in Sources */ = {isa = PBXBuildFile; fileRef = FF0743942412BB7600FD3A3D /* FirstViewController.swift */; };
		FF0743982412BB7600FD3A3D /* Main.storyboard in Resources */ = {isa = PBXBuildFile; fileRef = FF0743962412BB7600FD3A3D /* Main.storyboard */; };
		FF07439A2412BB7600FD3A3D /* Assets.xcassets in Resources */ = {isa = PBXBuildFile; fileRef = FF0743992412BB7600FD3A3D /* Assets.xcassets */; };
		FF07439D2412BB7600FD3A3D /* LaunchScreen.storyboard in Resources */ = {isa = PBXBuildFile; fileRef = FF07439B2412BB7600FD3A3D /* LaunchScreen.storyboard */; };
		FF0743A52412BC4B00FD3A3D /* SecondViewController.swift in Sources */ = {isa = PBXBuildFile; fileRef = FF0743A42412BC4B00FD3A3D /* SecondViewController.swift */; };
/* End PBXBuildFile section */

/* Begin PBXFileReference section */
		FF07438D2412BB7600FD3A3D /* Notification and Observer.app */ = {isa = PBXFileReference; explicitFileType = wrapper.application; includeInIndex = 0; path = "Notification and Observer.app"; sourceTree = BUILT_PRODUCTS_DIR; };
		FF0743902412BB7600FD3A3D /* AppDelegate.swift */ = {isa = PBXFileReference; lastKnownFileType = sourcecode.swift; path = AppDelegate.swift; sourceTree = "<group>"; };
		FF0743922412BB7600FD3A3D /* SceneDelegate.swift */ = {isa = PBXFileReference; lastKnownFileType = sourcecode.swift; path = SceneDelegate.swift; sourceTree = "<group>"; };
		FF0743942412BB7600FD3A3D /* FirstViewController.swift */ = {isa = PBXFileReference; lastKnownFileType = sourcecode.swift; path = FirstViewController.swift; sourceTree = "<group>"; };
		FF0743972412BB7600FD3A3D /* Base */ = {isa = PBXFileReference; lastKnownFileType = file.storyboard; name = Base; path = Base.lproj/Main.storyboard; sourceTree = "<group>"; };
		FF0743992412BB7600FD3A3D /* Assets.xcassets */ = {isa = PBXFileReference; lastKnownFileType = folder.assetcatalog; path = Assets.xcassets; sourceTree = "<group>"; };
		FF07439C2412BB7600FD3A3D /* Base */ = {isa = PBXFileReference; lastKnownFileType = file.storyboard; name = Base; path = Base.lproj/LaunchScreen.storyboard; sourceTree = "<group>"; };
		FF07439E2412BB7600FD3A3D /* Info.plist */ = {isa = PBXFileReference; lastKnownFileType = text.plist.xml; path = Info.plist; sourceTree = "<group>"; };
		FF0743A42412BC4B00FD3A3D /* SecondViewController.swift */ = {isa = PBXFileReference; lastKnownFileType = sourcecode.swift; path = SecondViewController.swift; sourceTree = "<group>"; };
/* End PBXFileReference section */

/* Begin PBXFrameworksBuildPhase section */
		FF07438A2412BB7600FD3A3D /* Frameworks */ = {
			isa = PBXFrameworksBuildPhase;
			buildActionMask = 2147483647;
			files = (
			);
			runOnlyForDeploymentPostprocessing = 0;
		};
/* End PBXFrameworksBuildPhase section */

/* Begin PBXGroup section */
		FF0743842412BB7600FD3A3D = {
			isa = PBXGroup;
			children = (
				FF07438F2412BB7600FD3A3D /* Notification and Observer */,
				FF07438E2412BB7600FD3A3D /* Products */,
			);
			sourceTree = "<group>";
		};
		FF07438E2412BB7600FD3A3D /* Products */ = {
			isa = PBXGroup;
			children = (
				FF07438D2412BB7600FD3A3D /* Notification and Observer.app */,
			);
			name = Products;
			sourceTree = "<group>";
		};
		FF07438F2412BB7600FD3A3D /* Notification and Observer */ = {
			isa = PBXGroup;
			children = (
				FF0743902412BB7600FD3A3D /* AppDelegate.swift */,
				FF0743922412BB7600FD3A3D /* SceneDelegate.swift */,
				FF0743942412BB7600FD3A3D /* FirstViewController.swift */,
				FF0743A42412BC4B00FD3A3D /* SecondViewController.swift */,
				FF0743962412BB7600FD3A3D /* Main.storyboard */,
				FF0743992412BB7600FD3A3D /* Assets.xcassets */,
				FF07439B2412BB7600FD3A3D /* LaunchScreen.storyboard */,
				FF07439E2412BB7600FD3A3D /* Info.plist */,
			);
			path = "Notification and Observer";
			sourceTree = "<group>";
		};
/* End PBXGroup section */

/* Begin PBXNativeTarget section */
		FF07438C2412BB7600FD3A3D /* Notification and Observer */ = {
			isa = PBXNativeTarget;
			buildConfigurationList = FF0743A12412BB7600FD3A3D /* Build configuration list for PBXNativeTarget "Notification and Observer" */;
			buildPhases = (
				FF0743892412BB7600FD3A3D /* Sources */,
				FF07438A2412BB7600FD3A3D /* Frameworks */,
				FF07438B2412BB7600FD3A3D /* Resources */,
			);
			buildRules = (
			);
			dependencies = (
			);
			name = "Notification and Observer";
			productName = "Notification and Observer";
			productReference = FF07438D2412BB7600FD3A3D /* Notification and Observer.app */;
			productType = "com.apple.product-type.application";
		};
/* End PBXNativeTarget section */

/* Begin PBXProject section */
		FF0743852412BB7600FD3A3D /* Project object */ = {
			isa = PBXProject;
			attributes = {
				LastSwiftUpdateCheck = 1130;
				LastUpgradeCheck = 1130;
				ORGANIZATIONNAME = "Fahim Rahman";
				TargetAttributes = {
					FF07438C2412BB7600FD3A3D = {
						CreatedOnToolsVersion = 11.3.1;
					};
				};
			};
			buildConfigurationList = FF0743882412BB7600FD3A3D /* Build configuration list for PBXProject "Notification and Observer" */;
			compatibilityVersion = "Xcode 9.3";
			developmentRegion = en;
			hasScannedForEncodings = 0;
			knownRegions = (
				en,
				Base,
			);
			mainGroup = FF0743842412BB7600FD3A3D;
			productRefGroup = FF07438E2412BB7600FD3A3D /* Products */;
			projectDirPath = "";
			projectRoot = "";
			targets = (
				FF07438C2412BB7600FD3A3D /* Notification and Observer */,
			);
		};
/* End PBXProject section */

/* Begin PBXResourcesBuildPhase section */
		FF07438B2412BB7600FD3A3D /* Resources */ = {
			isa = PBXResourcesBuildPhase;
			buildActionMask = 2147483647;
			files = (
				FF07439D2412BB7600FD3A3D /* LaunchScreen.storyboard in Resources */,
				FF07439A2412BB7600FD3A3D /* Assets.xcassets in Resources */,
				FF0743982412BB7600FD3A3D /* Main.storyboard in Resources */,
			);
			runOnlyForDeploymentPostprocessing = 0;
		};
/* End PBXResourcesBuildPhase section */

/* Begin PBXSourcesBuildPhase section */
		FF0743892412BB7600FD3A3D /* Sources */ = {
			isa = PBXSourcesBuildPhase;
			buildActionMask = 2147483647;
			files = (
				FF0743A52412BC4B00FD3A3D /* SecondViewController.swift in Sources */,
				FF0743952412BB7600FD3A3D /* FirstViewController.swift in Sources */,
				FF0743912412BB7600FD3A3D /* AppDelegate.swift in Sources */,
				FF0743932412BB7600FD3A3D /* SceneDelegate.swift in Sources */,
			);
			runOnlyForDeploymentPostprocessing = 0;
		};
/* End PBXSourcesBuildPhase section */

/* Begin PBXVariantGroup section */
		FF0743962412BB7600FD3A3D /* Main.storyboard */ = {
			isa = PBXVariantGroup;
			children = (
				FF0743972412BB7600FD3A3D /* Base */,
			);
			name = Main.storyboard;
			sourceTree = "<group>";
		};
		FF07439B2412BB7600FD3A3D /* LaunchScreen.storyboard */ = {
			isa = PBXVariantGroup;
			children = (
				FF07439C2412BB7600FD3A3D /* Base */,
			);
			name = LaunchScreen.storyboard;
			sourceTree = "<group>";
		};
/* End PBXVariantGroup section */

/* Begin XCBuildConfiguration section */
		FF07439F2412BB7600FD3A3D /* Debug */ = {
			isa = XCBuildConfiguration;
			buildSettings = {
				ALWAYS_SEARCH_USER_PATHS = NO;
				CLANG_ANALYZER_NONNULL = YES;
				CLANG_ANALYZER_NUMBER_OBJECT_CONVERSION = YES_AGGRESSIVE;
				CLANG_CXX_LANGUAGE_STANDARD = "gnu++14";
				CLANG_CXX_LIBRARY = "libc++";
				CLANG_ENABLE_MODULES = YES;
				CLANG_ENABLE_OBJC_ARC = YES;
				CLANG_ENABLE_OBJC_WEAK = YES;
				CLANG_WARN_BLOCK_CAPTURE_AUTORELEASING = YES;
				CLANG_WARN_BOOL_CONVERSION = YES;
				CLANG_WARN_COMMA = YES;
				CLANG_WARN_CONSTANT_CONVERSION = YES;
				CLANG_WARN_DEPRECATED_OBJC_IMPLEMENTATIONS = YES;
				CLANG_WARN_DIRECT_OBJC_ISA_USAGE = YES_ERROR;
				CLANG_WARN_DOCUMENTATION_COMMENTS = YES;
				CLANG_WARN_EMPTY_BODY = YES;
				CLANG_WARN_ENUM_CONVERSION = YES;
				CLANG_WARN_INFINITE_RECURSION = YES;
				CLANG_WARN_INT_CONVERSION = YES;
				CLANG_WARN_NON_LITERAL_NULL_CONVERSION = YES;
				CLANG_WARN_OBJC_IMPLICIT_RETAIN_SELF = YES;
				CLANG_WARN_OBJC_LITERAL_CONVERSION = YES;
				CLANG_WARN_OBJC_ROOT_CLASS = YES_ERROR;
				CLANG_WARN_RANGE_LOOP_ANALYSIS = YES;
				CLANG_WARN_STRICT_PROTOTYPES = YES;
				CLANG_WARN_SUSPICIOUS_MOVE = YES;
				CLANG_WARN_UNGUARDED_AVAILABILITY = YES_AGGRESSIVE;
				CLANG_WARN_UNREACHABLE_CODE = YES;
				CLANG_WARN__DUPLICATE_METHOD_MATCH = YES;
				COPY_PHASE_STRIP = NO;
				DEBUG_INFORMATION_FORMAT = dwarf;
				ENABLE_STRICT_OBJC_MSGSEND = YES;
				ENABLE_TESTABILITY = YES;
				GCC_C_LANGUAGE_STANDARD = gnu11;
				GCC_DYNAMIC_NO_PIC = NO;
				GCC_NO_COMMON_BLOCKS = YES;
				GCC_OPTIMIZATION_LEVEL = 0;
				GCC_PREPROCESSOR_DEFINITIONS = (
					"DEBUG=1",
					"$(inherited)",
				);
				GCC_WARN_64_TO_32_BIT_CONVERSION = YES;
				GCC_WARN_ABOUT_RETURN_TYPE = YES_ERROR;
				GCC_WARN_UNDECLARED_SELECTOR = YES;
				GCC_WARN_UNINITIALIZED_AUTOS = YES_AGGRESSIVE;
				GCC_WARN_UNUSED_FUNCTION = YES;
				GCC_WARN_UNUSED_VARIABLE = YES;
				IPHONEOS_DEPLOYMENT_TARGET = 13.2;
				MTL_ENABLE_DEBUG_INFO = INCLUDE_SOURCE;
				MTL_FAST_MATH = YES;
				ONLY_ACTIVE_ARCH = YES;
				SDKROOT = iphoneos;
				SWIFT_ACTIVE_COMPILATION_CONDITIONS = DEBUG;
				SWIFT_OPTIMIZATION_LEVEL = "-Onone";
			};
			name = Debug;
		};
		FF0743A02412BB7600FD3A3D /* Release */ = {
			isa = XCBuildConfiguration;
			buildSettings = {
				ALWAYS_SEARCH_USER_PATHS = NO;
				CLANG_ANALYZER_NONNULL = YES;
				CLANG_ANALYZER_NUMBER_OBJECT_CONVERSION = YES_AGGRESSIVE;
				CLANG_CXX_LANGUAGE_STANDARD = "gnu++14";
				CLANG_CXX_LIBRARY = "libc++";
				CLANG_ENABLE_MODULES = YES;
				CLANG_ENABLE_OBJC_ARC = YES;
				CLANG_ENABLE_OBJC_WEAK = YES;
				CLANG_WARN_BLOCK_CAPTURE_AUTORELEASING = YES;
				CLANG_WARN_BOOL_CONVERSION = YES;
				CLANG_WARN_COMMA = YES;
				CLANG_WARN_CONSTANT_CONVERSION = YES;
				CLANG_WARN_DEPRECATED_OBJC_IMPLEMENTATIONS = YES;
				CLANG_WARN_DIRECT_OBJC_ISA_USAGE = YES_ERROR;
				CLANG_WARN_DOCUMENTATION_COMMENTS = YES;
				CLANG_WARN_EMPTY_BODY = YES;
				CLANG_WARN_ENUM_CONVERSION = YES;
				CLANG_WARN_INFINITE_RECURSION = YES;
				CLANG_WARN_INT_CONVERSION = YES;
				CLANG_WARN_NON_LITERAL_NULL_CONVERSION = YES;
				CLANG_WARN_OBJC_IMPLICIT_RETAIN_SELF = YES;
				CLANG_WARN_OBJC_LITERAL_CONVERSION = YES;
				CLANG_WARN_OBJC_ROOT_CLASS = YES_ERROR;
				CLANG_WARN_RANGE_LOOP_ANALYSIS = YES;
				CLANG_WARN_STRICT_PROTOTYPES = YES;
				CLANG_WARN_SUSPICIOUS_MOVE = YES;
				CLANG_WARN_UNGUARDED_AVAILABILITY = YES_AGGRESSIVE;
				CLANG_WARN_UNREACHABLE_CODE = YES;
				CLANG_WARN__DUPLICATE_METHOD_MATCH = YES;
				COPY_PHASE_STRIP = NO;
				DEBUG_INFORMATION_FORMAT = "dwarf-with-dsym";
				ENABLE_NS_ASSERTIONS = NO;
				ENABLE_STRICT_OBJC_MSGSEND = YES;
				GCC_C_LANGUAGE_STANDARD = gnu11;
				GCC_NO_COMMON_BLOCKS = YES;
				GCC_WARN_64_TO_32_BIT_CONVERSION = YES;
				GCC_WARN_ABOUT_RETURN_TYPE = YES_ERROR;
				GCC_WARN_UNDECLARED_SELECTOR = YES;
				GCC_WARN_UNINITIALIZED_AUTOS = YES_AGGRESSIVE;
				GCC_WARN_UNUSED_FUNCTION = YES;
				GCC_WARN_UNUSED_VARIABLE = YES;
				IPHONEOS_DEPLOYMENT_TARGET = 13.2;
				MTL_ENABLE_DEBUG_INFO = NO;
				MTL_FAST_MATH = YES;
				SDKROOT = iphoneos;
				SWIFT_COMPILATION_MODE = wholemodule;
				SWIFT_OPTIMIZATION_LEVEL = "-O";
				VALIDATE_PRODUCT = YES;
			};
			name = Release;
		};
		FF0743A22412BB7600FD3A3D /* Debug */ = {
			isa = XCBuildConfiguration;
			buildSettings = {
				ASSETCATALOG_COMPILER_APPICON_NAME = AppIcon;
				CODE_SIGN_STYLE = Automatic;
				DEVELOPMENT_TEAM = 4JWUSF25X2;
				INFOPLIST_FILE = "Notification and Observer/Info.plist";
				LD_RUNPATH_SEARCH_PATHS = (
					"$(inherited)",
					"@executable_path/Frameworks",
				);
				PRODUCT_BUNDLE_IDENTIFIER = "com.fahimrahman.Notification-and-Observer";
				PRODUCT_NAME = "$(TARGET_NAME)";
				SWIFT_VERSION = 5.0;
				TARGETED_DEVICE_FAMILY = "1,2";
			};
			name = Debug;
		};
		FF0743A32412BB7600FD3A3D /* Release */ = {
			isa = XCBuildConfiguration;
			buildSettings = {
				ASSETCATALOG_COMPILER_APPICON_NAME = AppIcon;
				CODE_SIGN_STYLE = Automatic;
				DEVELOPMENT_TEAM = 4JWUSF25X2;
				INFOPLIST_FILE = "Notification and Observer/Info.plist";
				LD_RUNPATH_SEARCH_PATHS = (
					"$(inherited)",
					"@executable_path/Frameworks",
				);
				PRODUCT_BUNDLE_IDENTIFIER = "com.fahimrahman.Notification-and-Observer";
				PRODUCT_NAME = "$(TARGET_NAME)";
				SWIFT_VERSION = 5.0;
				TARGETED_DEVICE_FAMILY = "1,2";
			};
			name = Release;
		};
/* End XCBuildConfiguration section */

/* Begin XCConfigurationList section */
		FF0743882412BB7600FD3A3D /* Build configuration list for PBXProject "Notification and Observer" */ = {
			isa = XCConfigurationList;
			buildConfigurations = (
				FF07439F2412BB7600FD3A3D /* Debug */,
				FF0743A02412BB7600FD3A3D /* Release */,
			);
			defaultConfigurationIsVisible = 0;
			defaultConfigurationName = Release;
		};
		FF0743A12412BB7600FD3A3D /* Build configuration list for PBXNativeTarget "Notification and Observer" */ = {
			isa = XCConfigurationList;
			buildConfigurations = (
				FF0743A22412BB7600FD3A3D /* Debug */,
				FF0743A32412BB7600FD3A3D /* Release */,
			);
			defaultConfigurationIsVisible = 0;
			defaultConfigurationName = Release;
		};
/* End XCConfigurationList section */
	};
	rootObject = FF0743852412BB7600FD3A3D /* Project object */;
}
